
Microsoft Visual Studio Solution File, Format Version 12.00
# Visual Studio Version 16
VisualStudioVersion = 16.0.29201.188
MinimumVisualStudioVersion = 10.0.40219.1
Project("{FAE04EC0-301F-11D3-BF4B-00C04F79EFBC}") = "ToolsFrameWork", "ToolsFrameWork\ToolsFrameWork.csproj", "{C406FCE5-C719-443E-9564-112FADF46FE9}"
EndProject
Global
	GlobalSection(SolutionConfigurationPlatforms) = preSolution
		Debug|Any CPU = Debug|Any CPU
		Release|Any CPU = Release|Any CPU
	EndGlobalSection
	GlobalSection(ProjectConfigurationPlatforms) = postSolution
		{C406FCE5-C719-443E-9564-112FADF46FE9}.Debug|Any CPU.ActiveCfg = Debug|Any CPU
		{C406FCE5-C719-443E-9564-112FADF46FE9}.Debug|Any CPU.Build.0 = Debug|Any CPU
		{C406FCE5-C719-443E-9564-112FADF46FE9}.Release|Any CPU.ActiveCfg = Release|Any CPU
		{C406FCE5-C719-443E-9564-112FADF46FE9}.Release|Any CPU.Build.0 = Release|Any CPU
	EndGlobalSection
	GlobalSection(SolutionProperties) = preSolution
		HideSolutionNode = FALSE
	EndGlobalSection
	GlobalSection(ExtensibilityGlobals) = postSolution
		SolutionGuid = {7BF3EEFB-2B3D-4FC1-B2D8-48BE4A709689}
	EndGlobalSection
EndGlobal
